
Microsoft Visual Studio Solution File, Format Version 12.00
# Visual Studio 15
VisualStudioVersion = 15.0.28010.2046
MinimumVisualStudioVersion = 10.0.40219.1
Project("{888888A0-9F3D-457C-B088-3A5042F75D52}") = "tic_tac_toe", "tic_tac_toe\tic_tac_toe.pyproj", "{BD91BA23-9A87-4A95-9F75-6D966B067E8D}"
EndProject
Global
	GlobalSection(SolutionConfigurationPlatforms) = preSolution
		Debug|Any CPU = Debug|Any CPU
		Release|Any CPU = Release|Any CPU
	EndGlobalSection
	GlobalSection(ProjectConfigurationPlatforms) = postSolution
		{BD91BA23-9A87-4A95-9F75-6D966B067E8D}.Debug|Any CPU.ActiveCfg = Debug|Any CPU
		{BD91BA23-9A87-4A95-9F75-6D966B067E8D}.Release|Any CPU.ActiveCfg = Release|Any CPU
	EndGlobalSection
	GlobalSection(SolutionProperties) = preSolution
		HideSolutionNode = FALSE
	EndGlobalSection
	GlobalSection(ExtensibilityGlobals) = postSolution
		SolutionGuid = {4DF72E11-3C11-4AFA-8EF4-037133621711}
	EndGlobalSection
EndGlobal
